{
  "version": 4,
  "terraform_version": "1.1.7",
  "serial": 32,
  "lineage": "2f5bc27e-5991-f6ca-aa0c-ddd7713bb38d",
  "outputs": {},
  "resources": [
    {
      "mode": "data",
      "type": "aws_ami",
      "name": "ubuntu",
      "provider": "provider[\"registry.terraform.io/hashicorp/aws\"]",
      "instances": [
        {
          "schema_version": 0,
          "attributes": {
            "architecture": "x86_64",
            "arn": "arn:aws:ec2:us-east-1::image/ami-01b996646377b6619",
            "block_device_mappings": [
              {
                "device_name": "/dev/sda1",
                "ebs": {
                  "delete_on_termination": "true",
                  "encrypted": "false",
                  "iops": "0",
                  "snapshot_id": "snap-03493400edf5792fc",
                  "throughput": "0",
                  "volume_size": "8",
                  "volume_type": "gp2"
                },
                "no_device": "",
                "virtual_name": ""
              },
              {
                "device_name": "/dev/sdb",
                "ebs": {},
                "no_device": "",
                "virtual_name": "ephemeral0"
              },
              {
                "device_name": "/dev/sdc",
                "ebs": {},
                "no_device": "",
                "virtual_name": "ephemeral1"
              }
            ],
            "boot_mode": "",
            "creation_date": "2022-02-01T00:17:30.000Z",
            "description": "Canonical, Ubuntu, 20.04 LTS, amd64 focal image build on 2022-01-31",
            "ena_support": true,
            "executable_users": null,
            "filter": [
              {
                "name": "name",
                "values": [
                  "ubuntu/images/hvm-ssd/ubuntu-focal-20.04-amd64-server-*"
                ]
              },
              {
                "name": "virtualization-type",
                "values": [
                  "hvm"
                ]
              }
            ],
            "hypervisor": "xen",
            "id": "ami-01b996646377b6619",
            "image_id": "ami-01b996646377b6619",
            "image_location": "099720109477/ubuntu/images/hvm-ssd/ubuntu-focal-20.04-amd64-server-20220131",
            "image_owner_alias": null,
            "image_type": "machine",
            "kernel_id": null,
            "most_recent": true,
            "name": "ubuntu/images/hvm-ssd/ubuntu-focal-20.04-amd64-server-20220131",
            "name_regex": null,
            "owner_id": "099720109477",
            "owners": [
              "099720109477"
            ],
            "platform": null,
            "platform_details": "Linux/UNIX",
            "product_codes": [],
            "public": true,
            "ramdisk_id": null,
            "root_device_name": "/dev/sda1",
            "root_device_type": "ebs",
            "root_snapshot_id": "snap-03493400edf5792fc",
            "sriov_net_support": "simple",
            "state": "available",
            "state_reason": {
              "code": "UNSET",
              "message": "UNSET"
            },
            "tags": {},
            "usage_operation": "RunInstances",
            "virtualization_type": "hvm"
          },
          "sensitive_attributes": []
        }
      ]
    },
    {
      "mode": "data",
      "type": "aws_iam_policy",
      "name": "ssm_policy",
      "provider": "provider[\"registry.terraform.io/hashicorp/aws\"]",
      "instances": [
        {
          "schema_version": 0,
          "attributes": {
            "arn": "arn:aws:iam::aws:policy/AmazonSSMManagedInstanceCore",
            "description": "The policy for Amazon EC2 Role to enable AWS Systems Manager service core functionality.",
            "id": "arn:aws:iam::aws:policy/AmazonSSMManagedInstanceCore",
            "name": "AmazonSSMManagedInstanceCore",
            "path": "/",
            "path_prefix": null,
            "policy": "{\n    \"Version\": \"2012-10-17\",\n    \"Statement\": [\n        {\n            \"Effect\": \"Allow\",\n            \"Action\": [\n                \"ssm:DescribeAssociation\",\n                \"ssm:GetDeployablePatchSnapshotForInstance\",\n                \"ssm:GetDocument\",\n                \"ssm:DescribeDocument\",\n                \"ssm:GetManifest\",\n                \"ssm:GetParameter\",\n                \"ssm:GetParameters\",\n                \"ssm:ListAssociations\",\n                \"ssm:ListInstanceAssociations\",\n                \"ssm:PutInventory\",\n                \"ssm:PutComplianceItems\",\n                \"ssm:PutConfigurePackageResult\",\n                \"ssm:UpdateAssociationStatus\",\n                \"ssm:UpdateInstanceAssociationStatus\",\n                \"ssm:UpdateInstanceInformation\"\n            ],\n            \"Resource\": \"*\"\n        },\n        {\n            \"Effect\": \"Allow\",\n            \"Action\": [\n                \"ssmmessages:CreateControlChannel\",\n                \"ssmmessages:CreateDataChannel\",\n                \"ssmmessages:OpenControlChannel\",\n                \"ssmmessages:OpenDataChannel\"\n            ],\n            \"Resource\": \"*\"\n        },\n        {\n            \"Effect\": \"Allow\",\n            \"Action\": [\n                \"ec2messages:AcknowledgeMessage\",\n                \"ec2messages:DeleteMessage\",\n                \"ec2messages:FailMessage\",\n                \"ec2messages:GetEndpoint\",\n                \"ec2messages:GetMessages\",\n                \"ec2messages:SendReply\"\n            ],\n            \"Resource\": \"*\"\n        }\n    ]\n}",
            "policy_id": "ANPAIXSHM2BNB2D3AXXRU",
            "tags": {}
          },
          "sensitive_attributes": []
        }
      ]
    },
    {
      "mode": "data",
      "type": "aws_iam_policy_document",
      "name": "instance_assume_role_policy",
      "provider": "provider[\"registry.terraform.io/hashicorp/aws\"]",
      "instances": [
        {
          "schema_version": 0,
          "attributes": {
            "id": "1903849331",
            "json": "{\n  \"Version\": \"2012-10-17\",\n  \"Statement\": [\n    {\n      \"Sid\": \"\",\n      \"Effect\": \"Allow\",\n      \"Action\": \"sts:AssumeRole\",\n      \"Principal\": {\n        \"Service\": \"ec2.amazonaws.com\"\n      }\n    }\n  ]\n}",
            "override_json": null,
            "override_policy_documents": null,
            "policy_id": null,
            "source_json": null,
            "source_policy_documents": null,
            "statement": [
              {
                "actions": [
                  "sts:AssumeRole"
                ],
                "condition": [],
                "effect": "Allow",
                "not_actions": [],
                "not_principals": [],
                "not_resources": [],
                "principals": [
                  {
                    "identifiers": [
                      "ec2.amazonaws.com"
                    ],
                    "type": "Service"
                  }
                ],
                "resources": [],
                "sid": ""
              }
            ],
            "version": "2012-10-17"
          },
          "sensitive_attributes": []
        }
      ]
    },
    {
      "mode": "managed",
      "type": "aws_iam_instance_profile",
      "name": "ssm_profile",
      "provider": "provider[\"registry.terraform.io/hashicorp/aws\"]",
      "instances": [
        {
          "schema_version": 0,
          "attributes": {
            "arn": "arn:aws:iam::414057778078:instance-profile/ssm_profile",
            "create_date": "2022-03-03T21:37:15Z",
            "id": "ssm_profile",
            "name": "ssm_profile",
            "name_prefix": null,
            "path": "/",
            "role": "instance_role",
            "tags": {},
            "tags_all": {},
            "unique_id": "AIPAWAZ6EJOPMYWZDTA7T"
          },
          "sensitive_attributes": [],
          "private": "bnVsbA==",
          "dependencies": [
            "aws_iam_role.instance_role",
            "data.aws_iam_policy.ssm_policy",
            "data.aws_iam_policy_document.instance_assume_role_policy"
          ]
        }
      ]
    },
    {
      "mode": "managed",
      "type": "aws_iam_role",
      "name": "instance_role",
      "provider": "provider[\"registry.terraform.io/hashicorp/aws\"]",
      "instances": [
        {
          "schema_version": 0,
          "attributes": {
            "arn": "arn:aws:iam::414057778078:role/instance_role",
            "assume_role_policy": "{\"Version\":\"2012-10-17\",\"Statement\":[{\"Sid\":\"\",\"Effect\":\"Allow\",\"Principal\":{\"Service\":\"ec2.amazonaws.com\"},\"Action\":\"sts:AssumeRole\"}]}",
            "create_date": "2022-03-03T21:37:13Z",
            "description": "",
            "force_detach_policies": false,
            "id": "instance_role",
            "inline_policy": [
              {
                "name": "",
                "policy": ""
              }
            ],
            "managed_policy_arns": [
              "arn:aws:iam::aws:policy/AmazonSSMManagedInstanceCore"
            ],
            "max_session_duration": 3600,
            "name": "instance_role",
            "name_prefix": "",
            "path": "/",
            "permissions_boundary": null,
            "tags": {
              "Creator": "trraform"
            },
            "tags_all": {
              "Creator": "trraform"
            },
            "unique_id": "AROAWAZ6EJOPOVHT35IV7"
          },
          "sensitive_attributes": [],
          "private": "bnVsbA==",
          "dependencies": [
            "data.aws_iam_policy.ssm_policy",
            "data.aws_iam_policy_document.instance_assume_role_policy"
          ]
        }
      ]
    },
    {
      "mode": "managed",
      "type": "aws_instance",
      "name": "mysite_instance",
      "provider": "provider[\"registry.terraform.io/hashicorp/aws\"]",
      "instances": [
        {
          "schema_version": 1,
          "attributes": {
            "ami": "ami-01b996646377b6619",
            "arn": "arn:aws:ec2:us-east-1:414057778078:instance/i-0c98952af64e4a622",
            "associate_public_ip_address": true,
            "availability_zone": "us-east-1c",
            "capacity_reservation_specification": [
              {
                "capacity_reservation_preference": "open",
                "capacity_reservation_target": []
              }
            ],
            "cpu_core_count": 1,
            "cpu_threads_per_core": 1,
            "credit_specification": [
              {
                "cpu_credits": "standard"
              }
            ],
            "disable_api_termination": false,
            "ebs_block_device": [],
            "ebs_optimized": false,
            "enclave_options": [
              {
                "enabled": false
              }
            ],
            "ephemeral_block_device": [],
            "get_password_data": false,
            "hibernation": false,
            "host_id": null,
            "iam_instance_profile": "ssm_profile",
            "id": "i-0c98952af64e4a622",
            "instance_initiated_shutdown_behavior": "stop",
            "instance_state": "running",
            "instance_type": "t2.nano",
            "ipv6_address_count": 0,
            "ipv6_addresses": [],
            "key_name": "",
            "launch_template": [],
            "metadata_options": [
              {
                "http_endpoint": "enabled",
                "http_put_response_hop_limit": 1,
                "http_tokens": "optional",
                "instance_metadata_tags": "disabled"
              }
            ],
            "monitoring": false,
            "network_interface": [],
            "outpost_arn": "",
            "password_data": "",
            "placement_group": "",
            "placement_partition_number": null,
            "primary_network_interface_id": "eni-06e2af383830156d1",
            "private_dns": "ip-172-31-95-230.ec2.internal",
            "private_ip": "172.31.95.230",
            "public_dns": "ec2-54-84-150-23.compute-1.amazonaws.com",
            "public_ip": "54.84.150.23",
            "root_block_device": [
              {
                "delete_on_termination": true,
                "device_name": "/dev/sda1",
                "encrypted": false,
                "iops": 100,
                "kms_key_id": "",
                "tags": {},
                "throughput": 0,
                "volume_id": "vol-02bcdbfdddca4c775",
                "volume_size": 8,
                "volume_type": "gp2"
              }
            ],
            "secondary_private_ips": [],
            "security_groups": [
              "default"
            ],
            "source_dest_check": true,
            "subnet_id": "subnet-086d21862ad5593b9",
            "tags": {
              "Name": "mysite instance"
            },
            "tags_all": {
              "Name": "mysite instance"
            },
            "tenancy": "default",
            "timeouts": null,
            "user_data": "b0b5d3f57da5b266460dccb65e52f91ab371f521",
            "user_data_base64": null,
            "volume_tags": null,
            "vpc_security_group_ids": [
              "sg-0ef265dc5d826af62"
            ]
          },
          "sensitive_attributes": [],
          "private": "eyJlMmJmYjczMC1lY2FhLTExZTYtOGY4OC0zNDM2M2JjN2M0YzAiOnsiY3JlYXRlIjo2MDAwMDAwMDAwMDAsImRlbGV0ZSI6MTIwMDAwMDAwMDAwMCwidXBkYXRlIjo2MDAwMDAwMDAwMDB9LCJzY2hlbWFfdmVyc2lvbiI6IjEifQ==",
          "dependencies": [
            "aws_iam_instance_profile.ssm_profile",
            "aws_iam_role.instance_role",
            "data.aws_ami.ubuntu",
            "data.aws_iam_policy.ssm_policy",
            "data.aws_iam_policy_document.instance_assume_role_policy"
          ]
        }
      ]
    }
  ]
}
